
Microsoft Visual Studio Solution File, Format Version 12.00
# Visual Studio Version 16
VisualStudioVersion = 16.0.30711.63
MinimumVisualStudioVersion = 10.0.40219.1
Project("{8BC9CEB8-8B4A-11D0-8D11-00A0C91BC942}") = "Loesung-2", "Loesung-2\Loesung-2.vcxproj", "{6CDF37AF-A24A-41F5-AFBB-EAFB56FC38CA}"
EndProject
Global
	GlobalSection(SolutionConfigurationPlatforms) = preSolution
		Debug|x64 = Debug|x64
		Debug|x86 = Debug|x86
		Release|x64 = Release|x64
		Release|x86 = Release|x86
	EndGlobalSection
	GlobalSection(ProjectConfigurationPlatforms) = postSolution
		{6CDF37AF-A24A-41F5-AFBB-EAFB56FC38CA}.Debug|x64.ActiveCfg = Debug|x64
		{6CDF37AF-A24A-41F5-AFBB-EAFB56FC38CA}.Debug|x64.Build.0 = Debug|x64
		{6CDF37AF-A24A-41F5-AFBB-EAFB56FC38CA}.Debug|x86.ActiveCfg = Debug|Win32
		{6CDF37AF-A24A-41F5-AFBB-EAFB56FC38CA}.Debug|x86.Build.0 = Debug|Win32
		{6CDF37AF-A24A-41F5-AFBB-EAFB56FC38CA}.Release|x64.ActiveCfg = Release|x64
		{6CDF37AF-A24A-41F5-AFBB-EAFB56FC38CA}.Release|x64.Build.0 = Release|x64
		{6CDF37AF-A24A-41F5-AFBB-EAFB56FC38CA}.Release|x86.ActiveCfg = Release|Win32
		{6CDF37AF-A24A-41F5-AFBB-EAFB56FC38CA}.Release|x86.Build.0 = Release|Win32
	EndGlobalSection
	GlobalSection(SolutionProperties) = preSolution
		HideSolutionNode = FALSE
	EndGlobalSection
	GlobalSection(ExtensibilityGlobals) = postSolution
		SolutionGuid = {C72A8705-7A18-41A7-9F48-4D13965EE9FB}
	EndGlobalSection
EndGlobal
